// !$*UTF8*$!
{
	archiveVersion = 1;
	classes = {
	};
	objectVersion = 48;
	objects = {

/* Begin PBXBuildFile section */
		A433410A205A85B2009C1D42 /* AppDelegate.swift in Sources */ = {isa = PBXBuildFile; fileRef = A4334109205A85B2009C1D42 /* AppDelegate.swift */; };
		A433410C205A85B2009C1D42 /* ViewController.swift in Sources */ = {isa = PBXBuildFile; fileRef = A433410B205A85B2009C1D42 /* ViewController.swift */; };
		A433410F205A85B2009C1D42 /* Main.storyboard in Resources */ = {isa = PBXBuildFile; fileRef = A433410D205A85B2009C1D42 /* Main.storyboard */; };
		A4334112205A85B3009C1D42 /* MiPrimerProyecto.xcdatamodeld in Sources */ = {isa = PBXBuildFile; fileRef = A4334110205A85B3009C1D42 /* MiPrimerProyecto.xcdatamodeld */; };
		A4334114205A85B3009C1D42 /* Assets.xcassets in Resources */ = {isa = PBXBuildFile; fileRef = A4334113205A85B3009C1D42 /* Assets.xcassets */; };
		A4334117205A85B3009C1D42 /* LaunchScreen.storyboard in Resources */ = {isa = PBXBuildFile; fileRef = A4334115205A85B3009C1D42 /* LaunchScreen.storyboard */; };
/* End PBXBuildFile section */

/* Begin PBXFileReference section */
		A4334106205A85B2009C1D42 /* MiPrimerProyecto.app */ = {isa = PBXFileReference; explicitFileType = wrapper.application; includeInIndex = 0; path = MiPrimerProyecto.app; sourceTree = BUILT_PRODUCTS_DIR; };
		A4334109205A85B2009C1D42 /* AppDelegate.swift */ = {isa = PBXFileReference; lastKnownFileType = sourcecode.swift; path = AppDelegate.swift; sourceTree = "<group>"; };
		A433410B205A85B2009C1D42 /* ViewController.swift */ = {isa = PBXFileReference; lastKnownFileType = sourcecode.swift; path = ViewController.swift; sourceTree = "<group>"; };
		A433410E205A85B2009C1D42 /* Base */ = {isa = PBXFileReference; lastKnownFileType = file.storyboard; name = Base; path = Base.lproj/Main.storyboard; sourceTree = "<group>"; };
		A4334111205A85B3009C1D42 /* MiPrimerProyecto.xcdatamodel */ = {isa = PBXFileReference; lastKnownFileType = wrapper.xcdatamodel; path = MiPrimerProyecto.xcdatamodel; sourceTree = "<group>"; };
		A4334113205A85B3009C1D42 /* Assets.xcassets */ = {isa = PBXFileReference; lastKnownFileType = folder.assetcatalog; path = Assets.xcassets; sourceTree = "<group>"; };
		A4334116205A85B3009C1D42 /* Base */ = {isa = PBXFileReference; lastKnownFileType = file.storyboard; name = Base; path = Base.lproj/LaunchScreen.storyboard; sourceTree = "<group>"; };
		A4334118205A85B3009C1D42 /* Info.plist */ = {isa = PBXFileReference; lastKnownFileType = text.plist.xml; path = Info.plist; sourceTree = "<group>"; };
/* End PBXFileReference section */

/* Begin PBXFrameworksBuildPhase section */
		A4334103205A85B2009C1D42 /* Frameworks */ = {
			isa = PBXFrameworksBuildPhase;
			buildActionMask = 2147483647;
			files = (
			);
			runOnlyForDeploymentPostprocessing = 0;
		};
/* End PBXFrameworksBuildPhase section */

/* Begin PBXGroup section */
		A43340FD205A85B2009C1D42 = {
			isa = PBXGroup;
			children = (
				A4334108205A85B2009C1D42 /* MiPrimerProyecto */,
				A4334107205A85B2009C1D42 /* Products */,
				A433411E205A8832009C1D42 /* Frameworks */,
			);
			sourceTree = "<group>";
		};
		A4334107205A85B2009C1D42 /* Products */ = {
			isa = PBXGroup;
			children = (
				A4334106205A85B2009C1D42 /* MiPrimerProyecto.app */,
			);
			name = Products;
			sourceTree = "<group>";
		};
		A4334108205A85B2009C1D42 /* MiPrimerProyecto */ = {
			isa = PBXGroup;
			children = (
				A4334109205A85B2009C1D42 /* AppDelegate.swift */,
				A433410B205A85B2009C1D42 /* ViewController.swift */,
				A433410D205A85B2009C1D42 /* Main.storyboard */,
				A4334113205A85B3009C1D42 /* Assets.xcassets */,
				A4334115205A85B3009C1D42 /* LaunchScreen.storyboard */,
				A4334118205A85B3009C1D42 /* Info.plist */,
				A4334110205A85B3009C1D42 /* MiPrimerProyecto.xcdatamodeld */,
			);
			path = MiPrimerProyecto;
			sourceTree = "<group>";
		};
		A433411E205A8832009C1D42 /* Frameworks */ = {
			isa = PBXGroup;
			children = (
			);
			name = Frameworks;
			sourceTree = "<group>";
		};
/* End PBXGroup section */

/* Begin PBXNativeTarget section */
		A4334105205A85B2009C1D42 /* MiPrimerProyecto */ = {
			isa = PBXNativeTarget;
			buildConfigurationList = A433411B205A85B3009C1D42 /* Build configuration list for PBXNativeTarget "MiPrimerProyecto" */;
			buildPhases = (
				A4334102205A85B2009C1D42 /* Sources */,
				A4334103205A85B2009C1D42 /* Frameworks */,
				A4334104205A85B2009C1D42 /* Resources */,
			);
			buildRules = (
			);
			dependencies = (
			);
			name = MiPrimerProyecto;
			productName = MiPrimerProyecto;
			productReference = A4334106205A85B2009C1D42 /* MiPrimerProyecto.app */;
			productType = "com.apple.product-type.application";
		};
/* End PBXNativeTarget section */

/* Begin PBXProject section */
		A43340FE205A85B2009C1D42 /* Project object */ = {
			isa = PBXProject;
			attributes = {
				LastSwiftUpdateCheck = 0920;
				LastUpgradeCheck = 0920;
				ORGANIZATIONNAME = Gebulot;
				TargetAttributes = {
					A4334105205A85B2009C1D42 = {
						CreatedOnToolsVersion = 9.2;
						ProvisioningStyle = Automatic;
						SystemCapabilities = {
							com.apple.Maps.iOS = {
								enabled = 0;
							};
						};
					};
				};
			};
			buildConfigurationList = A4334101205A85B2009C1D42 /* Build configuration list for PBXProject "MiPrimerProyecto" */;
			compatibilityVersion = "Xcode 8.0";
			developmentRegion = en;
			hasScannedForEncodings = 0;
			knownRegions = (
				en,
				Base,
			);
			mainGroup = A43340FD205A85B2009C1D42;
			productRefGroup = A4334107205A85B2009C1D42 /* Products */;
			projectDirPath = "";
			projectRoot = "";
			targets = (
				A4334105205A85B2009C1D42 /* MiPrimerProyecto */,
			);
		};
/* End PBXProject section */

/* Begin PBXResourcesBuildPhase section */
		A4334104205A85B2009C1D42 /* Resources */ = {
			isa = PBXResourcesBuildPhase;
			buildActionMask = 2147483647;
			files = (
				A4334117205A85B3009C1D42 /* LaunchScreen.storyboard in Resources */,
				A4334114205A85B3009C1D42 /* Assets.xcassets in Resources */,
				A433410F205A85B2009C1D42 /* Main.storyboard in Resources */,
			);
			runOnlyForDeploymentPostprocessing = 0;
		};
/* End PBXResourcesBuildPhase section */

/* Begin PBXSourcesBuildPhase section */
		A4334102205A85B2009C1D42 /* Sources */ = {
			isa = PBXSourcesBuildPhase;
			buildActionMask = 2147483647;
			files = (
				A4334112205A85B3009C1D42 /* MiPrimerProyecto.xcdatamodeld in Sources */,
				A433410C205A85B2009C1D42 /* ViewController.swift in Sources */,
				A433410A205A85B2009C1D42 /* AppDelegate.swift in Sources */,
			);
			runOnlyForDeploymentPostprocessing = 0;
		};
/* End PBXSourcesBuildPhase section */

/* Begin PBXVariantGroup section */
		A433410D205A85B2009C1D42 /* Main.storyboard */ = {
			isa = PBXVariantGroup;
			children = (
				A433410E205A85B2009C1D42 /* Base */,
			);
			name = Main.storyboard;
			sourceTree = "<group>";
		};
		A4334115205A85B3009C1D42 /* LaunchScreen.storyboard */ = {
			isa = PBXVariantGroup;
			children = (
				A4334116205A85B3009C1D42 /* Base */,
			);
			name = LaunchScreen.storyboard;
			sourceTree = "<group>";
		};
/* End PBXVariantGroup section */

/* Begin XCBuildConfiguration section */
		A4334119205A85B3009C1D42 /* Debug */ = {
			isa = XCBuildConfiguration;
			buildSettings = {
				ALWAYS_SEARCH_USER_PATHS = NO;
				CLANG_ANALYZER_NONNULL = YES;
				CLANG_ANALYZER_NUMBER_OBJECT_CONVERSION = YES_AGGRESSIVE;
				CLANG_CXX_LANGUAGE_STANDARD = "gnu++14";
				CLANG_CXX_LIBRARY = "libc++";
				CLANG_ENABLE_MODULES = YES;
				CLANG_ENABLE_OBJC_ARC = YES;
				CLANG_WARN_BLOCK_CAPTURE_AUTORELEASING = YES;
				CLANG_WARN_BOOL_CONVERSION = YES;
				CLANG_WARN_COMMA = YES;
				CLANG_WARN_CONSTANT_CONVERSION = YES;
				CLANG_WARN_DIRECT_OBJC_ISA_USAGE = YES_ERROR;
				CLANG_WARN_DOCUMENTATION_COMMENTS = YES;
				CLANG_WARN_EMPTY_BODY = YES;
				CLANG_WARN_ENUM_CONVERSION = YES;
				CLANG_WARN_INFINITE_RECURSION = YES;
				CLANG_WARN_INT_CONVERSION = YES;
				CLANG_WARN_NON_LITERAL_NULL_CONVERSION = YES;
				CLANG_WARN_OBJC_LITERAL_CONVERSION = YES;
				CLANG_WARN_OBJC_ROOT_CLASS = YES_ERROR;
				CLANG_WARN_RANGE_LOOP_ANALYSIS = YES;
				CLANG_WARN_STRICT_PROTOTYPES = YES;
				CLANG_WARN_SUSPICIOUS_MOVE = YES;
				CLANG_WARN_UNGUARDED_AVAILABILITY = YES_AGGRESSIVE;
				CLANG_WARN_UNREACHABLE_CODE = YES;
				CLANG_WARN__DUPLICATE_METHOD_MATCH = YES;
				CODE_SIGN_IDENTITY = "iPhone Developer";
				COPY_PHASE_STRIP = NO;
				DEBUG_INFORMATION_FORMAT = dwarf;
				ENABLE_STRICT_OBJC_MSGSEND = YES;
				ENABLE_TESTABILITY = YES;
				GCC_C_LANGUAGE_STANDARD = gnu11;
				GCC_DYNAMIC_NO_PIC = NO;
				GCC_NO_COMMON_BLOCKS = YES;
				GCC_OPTIMIZATION_LEVEL = 0;
				GCC_PREPROCESSOR_DEFINITIONS = (
					"DEBUG=1",
					"$(inherited)",
				);
				GCC_WARN_64_TO_32_BIT_CONVERSION = YES;
				GCC_WARN_ABOUT_RETURN_TYPE = YES_ERROR;
				GCC_WARN_UNDECLARED_SELECTOR = YES;
				GCC_WARN_UNINITIALIZED_AUTOS = YES_AGGRESSIVE;
				GCC_WARN_UNUSED_FUNCTION = YES;
				GCC_WARN_UNUSED_VARIABLE = YES;
				IPHONEOS_DEPLOYMENT_TARGET = 11.2;
				MTL_ENABLE_DEBUG_INFO = YES;
				ONLY_ACTIVE_ARCH = YES;
				SDKROOT = iphoneos;
				SWIFT_ACTIVE_COMPILATION_CONDITIONS = DEBUG;
				SWIFT_OPTIMIZATION_LEVEL = "-Onone";
			};
			name = Debug;
		};
		A433411A205A85B3009C1D42 /* Release */ = {
			isa = XCBuildConfiguration;
			buildSettings = {
				ALWAYS_SEARCH_USER_PATHS = NO;
				CLANG_ANALYZER_NONNULL = YES;
				CLANG_ANALYZER_NUMBER_OBJECT_CONVERSION = YES_AGGRESSIVE;
				CLANG_CXX_LANGUAGE_STANDARD = "gnu++14";
				CLANG_CXX_LIBRARY = "libc++";
				CLANG_ENABLE_MODULES = YES;
				CLANG_ENABLE_OBJC_ARC = YES;
				CLANG_WARN_BLOCK_CAPTURE_AUTORELEASING = YES;
				CLANG_WARN_BOOL_CONVERSION = YES;
				CLANG_WARN_COMMA = YES;
				CLANG_WARN_CONSTANT_CONVERSION = YES;
				CLANG_WARN_DIRECT_OBJC_ISA_USAGE = YES_ERROR;
				CLANG_WARN_DOCUMENTATION_COMMENTS = YES;
				CLANG_WARN_EMPTY_BODY = YES;
				CLANG_WARN_ENUM_CONVERSION = YES;
				CLANG_WARN_INFINITE_RECURSION = YES;
				CLANG_WARN_INT_CONVERSION = YES;
				CLANG_WARN_NON_LITERAL_NULL_CONVERSION = YES;
				CLANG_WARN_OBJC_LITERAL_CONVERSION = YES;
				CLANG_WARN_OBJC_ROOT_CLASS = YES_ERROR;
				CLANG_WARN_RANGE_LOOP_ANALYSIS = YES;
				CLANG_WARN_STRICT_PROTOTYPES = YES;
				CLANG_WARN_SUSPICIOUS_MOVE = YES;
				CLANG_WARN_UNGUARDED_AVAILABILITY = YES_AGGRESSIVE;
				CLANG_WARN_UNREACHABLE_CODE = YES;
				CLANG_WARN__DUPLICATE_METHOD_MATCH = YES;
				CODE_SIGN_IDENTITY = "iPhone Developer";
				COPY_PHASE_STRIP = NO;
				DEBUG_INFORMATION_FORMAT = "dwarf-with-dsym";
				ENABLE_NS_ASSERTIONS = NO;
				ENABLE_STRICT_OBJC_MSGSEND = YES;
				GCC_C_LANGUAGE_STANDARD = gnu11;
				GCC_NO_COMMON_BLOCKS = YES;
				GCC_WARN_64_TO_32_BIT_CONVERSION = YES;
				GCC_WARN_ABOUT_RETURN_TYPE = YES_ERROR;
				GCC_WARN_UNDECLARED_SELECTOR = YES;
				GCC_WARN_UNINITIALIZED_AUTOS = YES_AGGRESSIVE;
				GCC_WARN_UNUSED_FUNCTION = YES;
				GCC_WARN_UNUSED_VARIABLE = YES;
				IPHONEOS_DEPLOYMENT_TARGET = 11.2;
				MTL_ENABLE_DEBUG_INFO = NO;
				SDKROOT = iphoneos;
				SWIFT_OPTIMIZATION_LEVEL = "-Owholemodule";
				VALIDATE_PRODUCT = YES;
			};
			name = Release;
		};
		A433411C205A85B3009C1D42 /* Debug */ = {
			isa = XCBuildConfiguration;
			buildSettings = {
				ASSETCATALOG_COMPILER_APPICON_NAME = AppIcon;
				CODE_SIGN_STYLE = Automatic;
				DEVELOPMENT_TEAM = L283WBHYKQ;
				INFOPLIST_FILE = MiPrimerProyecto/Info.plist;
				LD_RUNPATH_SEARCH_PATHS = "$(inherited) @executable_path/Frameworks";
				PRODUCT_BUNDLE_IDENTIFIER = gebulot.MiPrimerProyecto;
				PRODUCT_NAME = "$(TARGET_NAME)";
				SWIFT_VERSION = 4.0;
				TARGETED_DEVICE_FAMILY = "1,2";
			};
			name = Debug;
		};
		A433411D205A85B3009C1D42 /* Release */ = {
			isa = XCBuildConfiguration;
			buildSettings = {
				ASSETCATALOG_COMPILER_APPICON_NAME = AppIcon;
				CODE_SIGN_STYLE = Automatic;
				DEVELOPMENT_TEAM = L283WBHYKQ;
				INFOPLIST_FILE = MiPrimerProyecto/Info.plist;
				LD_RUNPATH_SEARCH_PATHS = "$(inherited) @executable_path/Frameworks";
				PRODUCT_BUNDLE_IDENTIFIER = gebulot.MiPrimerProyecto;
				PRODUCT_NAME = "$(TARGET_NAME)";
				SWIFT_VERSION = 4.0;
				TARGETED_DEVICE_FAMILY = "1,2";
			};
			name = Release;
		};
/* End XCBuildConfiguration section */

/* Begin XCConfigurationList section */
		A4334101205A85B2009C1D42 /* Build configuration list for PBXProject "MiPrimerProyecto" */ = {
			isa = XCConfigurationList;
			buildConfigurations = (
				A4334119205A85B3009C1D42 /* Debug */,
				A433411A205A85B3009C1D42 /* Release */,
			);
			defaultConfigurationIsVisible = 0;
			defaultConfigurationName = Release;
		};
		A433411B205A85B3009C1D42 /* Build configuration list for PBXNativeTarget "MiPrimerProyecto" */ = {
			isa = XCConfigurationList;
			buildConfigurations = (
				A433411C205A85B3009C1D42 /* Debug */,
				A433411D205A85B3009C1D42 /* Release */,
			);
			defaultConfigurationIsVisible = 0;
			defaultConfigurationName = Release;
		};
/* End XCConfigurationList section */

/* Begin XCVersionGroup section */
		A4334110205A85B3009C1D42 /* MiPrimerProyecto.xcdatamodeld */ = {
			isa = XCVersionGroup;
			children = (
				A4334111205A85B3009C1D42 /* MiPrimerProyecto.xcdatamodel */,
			);
			currentVersion = A4334111205A85B3009C1D42 /* MiPrimerProyecto.xcdatamodel */;
			path = MiPrimerProyecto.xcdatamodeld;
			sourceTree = "<group>";
			versionGroupType = wrapper.xcdatamodel;
		};
/* End XCVersionGroup section */
	};
	rootObject = A43340FE205A85B2009C1D42 /* Project object */;
}
